{
    "_readme": [
        "This file locks the dependencies of your project to a known state",
        "Read more about it at https://getcomposer.org/doc/01-basic-usage.md#composer-lock-the-lock-file",
        "This file is @generated automatically"
    ],
    "hash": "ad419116ffcc2333b82b99280591c477",
    "content-hash": "6893e54607dde8e105551c128a872691",
    "packages": [
        {
            "name": "aura/accept",
            "version": "2.1.0",
            "source": {
                "type": "git",
                "url": "https://github.com/auraphp/Aura.Accept.git",
                "reference": "bce57d159bbbbac724992f6a589f7070de18750c"
            },
            "dist": {
                "type": "zip",
                "url": "https://api.github.com/repos/auraphp/Aura.Accept/zipball/bce57d159bbbbac724992f6a589f7070de18750c",
                "reference": "bce57d159bbbbac724992f6a589f7070de18750c",
                "shasum": ""
            },
            "require": {
                "php": ">=5.3.0"
            },
            "type": "library",
            "extra": {
                "aura": {
                    "type": "library",
                    "config": {
                        "common": "Aura\\Accept\\_Config\\Common"
                    }
                },
                "branch-alias": {
                    "dev-develop-2": "2.0.x-dev"
                }
            },
            "autoload": {
                "psr-4": {
                    "Aura\\Accept\\": "src/",
                    "Aura\\Accept\\_Config\\": "config/"
                }
            },
            "notification-url": "https://packagist.org/downloads/",
            "license": [
                "BSD-2-Clause"
            ],
            "authors": [
                {
                    "name": "Aura.Accept Contributors",
                    "homepage": "https://github.com/auraphp/Aura.Accept/contributors"
                }
            ],
            "description": "Provides content-negotiation tools using Accept* headers.",
            "homepage": "https://github.com/auraphp/Aura.Accept",
            "keywords": [
                "accept",
                "accept-charset",
                "accept-encoding",
                "accept-language",
                "content negotiation",
                "content type",
                "media type"
            ],
            "time": "2015-01-23 15:23:41"
        },
        {
            "name": "aura/di",
            "version": "2.2.4",
            "source": {
                "type": "git",
                "url": "https://github.com/auraphp/Aura.Di.git",
                "reference": "81d5d9c602ca292a16e32001dcbd2adab5350e28"
            },
            "dist": {
                "type": "zip",
                "url": "https://api.github.com/repos/auraphp/Aura.Di/zipball/81d5d9c602ca292a16e32001dcbd2adab5350e28",
                "reference": "81d5d9c602ca292a16e32001dcbd2adab5350e28",
                "shasum": ""
            },
            "require": {
                "php": ">=5.3.0"
            },
            "type": "library",
            "extra": {
                "aura": {
                    "type": "library"
                }
            },
            "autoload": {
                "psr-4": {
                    "Aura\\Di\\": "src/"
                }
            },
            "notification-url": "https://packagist.org/downloads/",
            "license": [
                "BSD-2-Clause"
            ],
            "authors": [
                {
                    "name": "Aura.Di Contributors",
                    "homepage": "https://github.com/auraphp/Aura.Di/contributors"
                }
            ],
            "description": "Provides a dependency injection container system with native support for constructor- and setter-based injection, lazy-loading of services, and inheritable configuration of setters and constructor params.",
            "homepage": "https://github.com/auraphp/Aura.Di",
            "keywords": [
                "container",
                "dependency injection",
                "dependency injection container",
                "di",
                "di container"
            ],
            "time": "2016-01-21 09:34:53"
        },
        {
            "name": "aura/filter",
            "version": "2.0.0",
            "source": {
                "type": "git",
                "url": "https://github.com/auraphp/Aura.Filter.git",
                "reference": "908e5740ddbb781303247939c23016b6221b30f6"
            },
            "dist": {
                "type": "zip",
                "url": "https://api.github.com/repos/auraphp/Aura.Filter/zipball/908e5740ddbb781303247939c23016b6221b30f6",
                "reference": "908e5740ddbb781303247939c23016b6221b30f6",
                "shasum": ""
            },
            "require": {
                "ext-libxml": "*",
                "php": ">=5.4.0"
            },
            "require-dev": {
                "aura/di": "~2.0"
            },
            "suggest": {
                "ext-iconv": "To support UTF-8 in string-length filters.",
                "ext-intl": "To support IDNs in email filters.",
                "ext-mbstring": "To support UTF-8 in string-length filters."
            },
            "type": "library",
            "extra": {
                "aura": {
                    "type": "library",
                    "config": {
                        "common": "Aura\\Filter\\_Config\\Common"
                    }
                }
            },
            "autoload": {
                "psr-4": {
                    "Aura\\Filter\\": "src/",
                    "Aura\\Filter\\_Config\\": "config/"
                }
            },
            "notification-url": "https://packagist.org/downloads/",
            "license": [
                "BSD-2-Clause"
            ],
            "authors": [
                {
                    "name": "Aura.Filter Contributors",
                    "homepage": "https://github.com/auraphp/Aura.Filter/contributors"
                }
            ],
            "description": "Filters to validate and sanitize objects and arrays.",
            "homepage": "https://github.com/auraphp/Aura.Filter",
            "keywords": [
                "filter",
                "sanitize",
                "validate",
                "validation",
                "validator"
            ],
            "time": "2016-02-20 17:34:42"
        },
        {
            "name": "aura/view",
            "version": "2.2.0",
            "source": {
                "type": "git",
                "url": "https://github.com/auraphp/Aura.View.git",
                "reference": "c7d9ca4aab74f2b1d1837b13519c5fafaded966d"
            },
            "dist": {
                "type": "zip",
                "url": "https://api.github.com/repos/auraphp/Aura.View/zipball/c7d9ca4aab74f2b1d1837b13519c5fafaded966d",
                "reference": "c7d9ca4aab74f2b1d1837b13519c5fafaded966d",
                "shasum": ""
            },
            "require": {
                "php": ">=5.4.0"
            },
            "require-dev": {
                "aura/di": "~2.0"
            },
            "type": "library",
            "extra": {
                "aura": {
                    "type": "library",
                    "config": {
                        "common": "Aura\\View\\_Config\\Common"
                    }
                }
            },
            "autoload": {
                "psr-4": {
                    "Aura\\View\\": "src/",
                    "Aura\\View\\_Config\\": "config/"
                }
            },
            "notification-url": "https://packagist.org/downloads/",
            "license": [
                "BSD-2-Clause"
            ],
            "authors": [
                {
                    "name": "Aura.View Contributors",
                    "homepage": "https://github.com/auraphp/Aura.View/contributors"
                }
            ],
            "description": "Provides an implementation of the TemplateView and TwoStepView patterns, with support for helpers and for closures as templates, using PHP itself as the templating language.",
            "homepage": "https://github.com/auraphp/Aura.View",
            "keywords": [
                "Escape",
                "escaper",
                "escaping",
                "template",
                "template view",
                "two step view",
                "two-step view",
                "twostep view",
                "view"
            ],
            "time": "2016-01-21 18:31:00"
        },
        {
            "name": "aura/web",
            "version": "2.0.3",
            "source": {
                "type": "git",
                "url": "https://github.com/auraphp/Aura.Web.git",
                "reference": "b22ba83141384981514e2057ebe99e9a5509914f"
            },
            "dist": {
                "type": "zip",
                "url": "https://api.github.com/repos/auraphp/Aura.Web/zipball/b22ba83141384981514e2057ebe99e9a5509914f",
                "reference": "b22ba83141384981514e2057ebe99e9a5509914f",
                "shasum": ""
            },
            "require": {
                "php": ">=5.3.0"
            },
            "require-dev": {
                "aura/di": "~2.0"
            },
            "type": "library",
            "extra": {
                "aura": {
                    "type": "library",
                    "config": {
                        "common": "Aura\\Web\\_Config\\Common"
                    }
                },
                "branch-alias": {
                    "dev-develop-2": "2.0.x-dev"
                }
            },
            "autoload": {
                "psr-4": {
                    "Aura\\Web\\": "src/",
                    "Aura\\Web\\_Config\\": "config/"
                }
            },
            "notification-url": "https://packagist.org/downloads/",
            "license": [
                "BSD-2-Clause"
            ],
            "authors": [
                {
                    "name": "Aura.Web Contributors",
                    "homepage": "https://github.com/auraphp/Aura.Web/contributors"
                }
            ],
            "description": "Provides web Request and Response objects for use by web controllers and actions. These are representations of the PHP web environment, not HTTP request and response objects proper.",
            "homepage": "https://github.com/auraphp/Aura.Web",
            "keywords": [
                "request",
                "response"
            ],
            "time": "2015-03-27 18:59:27"
        }
    ],
    "packages-dev": [
        {
            "name": "laravel/homestead",
            "version": "v3.0.2",
            "source": {
                "type": "git",
                "url": "https://github.com/laravel/homestead.git",
                "reference": "705449c3dbedbded4bd4f3ed725303c69253cad4"
            },
            "dist": {
                "type": "zip",
                "url": "https://api.github.com/repos/laravel/homestead/zipball/705449c3dbedbded4bd4f3ed725303c69253cad4",
                "reference": "705449c3dbedbded4bd4f3ed725303c69253cad4",
                "shasum": ""
            },
            "require": {
                "php": ">=5.5.9",
                "symfony/console": "~2.3|~3.0",
                "symfony/process": "~2.3|~3.0"
            },
            "bin": [
                "homestead"
            ],
            "type": "library",
            "extra": {
                "branch-alias": {
                    "dev-master": "4.0-dev"
                }
            },
            "autoload": {
                "psr-4": {
                    "Laravel\\Homestead\\": "src/"
                }
            },
            "notification-url": "https://packagist.org/downloads/",
            "license": [
                "MIT"
            ],
            "authors": [
                {
                    "name": "Taylor Otwell",
                    "email": "taylorotwell@gmail.com"
                }
            ],
            "description": "A virtual machine for web artisans.",
            "time": "2016-02-16 22:31:00"
        },
        {
            "name": "symfony/console",
            "version": "v3.0.3",
            "source": {
                "type": "git",
                "url": "https://github.com/symfony/console.git",
                "reference": "2ed5e2706ce92313d120b8fe50d1063bcfd12e04"
            },
            "dist": {
                "type": "zip",
                "url": "https://api.github.com/repos/symfony/console/zipball/2ed5e2706ce92313d120b8fe50d1063bcfd12e04",
                "reference": "2ed5e2706ce92313d120b8fe50d1063bcfd12e04",
                "shasum": ""
            },
            "require": {
                "php": ">=5.5.9",
                "symfony/polyfill-mbstring": "~1.0"
            },
            "require-dev": {
                "psr/log": "~1.0",
                "symfony/event-dispatcher": "~2.8|~3.0",
                "symfony/process": "~2.8|~3.0"
            },
            "suggest": {
                "psr/log": "For using the console logger",
                "symfony/event-dispatcher": "",
                "symfony/process": ""
            },
            "type": "library",
            "extra": {
                "branch-alias": {
                    "dev-master": "3.0-dev"
                }
            },
            "autoload": {
                "psr-4": {
                    "Symfony\\Component\\Console\\": ""
                },
                "exclude-from-classmap": [
                    "/Tests/"
                ]
            },
            "notification-url": "https://packagist.org/downloads/",
            "license": [
                "MIT"
            ],
            "authors": [
                {
                    "name": "Fabien Potencier",
                    "email": "fabien@symfony.com"
                },
                {
                    "name": "Symfony Community",
                    "homepage": "https://symfony.com/contributors"
                }
            ],
            "description": "Symfony Console Component",
            "homepage": "https://symfony.com",
            "time": "2016-02-28 16:24:34"
        },
        {
            "name": "symfony/polyfill-mbstring",
            "version": "v1.1.1",
            "source": {
                "type": "git",
                "url": "https://github.com/symfony/polyfill-mbstring.git",
                "reference": "1289d16209491b584839022f29257ad859b8532d"
            },
            "dist": {
                "type": "zip",
                "url": "https://api.github.com/repos/symfony/polyfill-mbstring/zipball/1289d16209491b584839022f29257ad859b8532d",
                "reference": "1289d16209491b584839022f29257ad859b8532d",
                "shasum": ""
            },
            "require": {
                "php": ">=5.3.3"
            },
            "suggest": {
                "ext-mbstring": "For best performance"
            },
            "type": "library",
            "extra": {
                "branch-alias": {
                    "dev-master": "1.1-dev"
                }
            },
            "autoload": {
                "psr-4": {
                    "Symfony\\Polyfill\\Mbstring\\": ""
                },
                "files": [
                    "bootstrap.php"
                ]
            },
            "notification-url": "https://packagist.org/downloads/",
            "license": [
                "MIT"
            ],
            "authors": [
                {
                    "name": "Nicolas Grekas",
                    "email": "p@tchwork.com"
                },
                {
                    "name": "Symfony Community",
                    "homepage": "https://symfony.com/contributors"
                }
            ],
            "description": "Symfony polyfill for the Mbstring extension",
            "homepage": "https://symfony.com",
            "keywords": [
                "compatibility",
                "mbstring",
                "polyfill",
                "portable",
                "shim"
            ],
            "time": "2016-01-20 09:13:37"
        },
        {
            "name": "symfony/process",
            "version": "v3.0.3",
            "source": {
                "type": "git",
                "url": "https://github.com/symfony/process.git",
                "reference": "dfecef47506179db2501430e732adbf3793099c8"
            },
            "dist": {
                "type": "zip",
                "url": "https://api.github.com/repos/symfony/process/zipball/dfecef47506179db2501430e732adbf3793099c8",
                "reference": "dfecef47506179db2501430e732adbf3793099c8",
                "shasum": ""
            },
            "require": {
                "php": ">=5.5.9"
            },
            "type": "library",
            "extra": {
                "branch-alias": {
                    "dev-master": "3.0-dev"
                }
            },
            "autoload": {
                "psr-4": {
                    "Symfony\\Component\\Process\\": ""
                },
                "exclude-from-classmap": [
                    "/Tests/"
                ]
            },
            "notification-url": "https://packagist.org/downloads/",
            "license": [
                "MIT"
            ],
            "authors": [
                {
                    "name": "Fabien Potencier",
                    "email": "fabien@symfony.com"
                },
                {
                    "name": "Symfony Community",
                    "homepage": "https://symfony.com/contributors"
                }
            ],
            "description": "Symfony Process Component",
            "homepage": "https://symfony.com",
            "time": "2016-02-02 13:44:19"
        }
    ],
    "aliases": [],
    "minimum-stability": "stable",
    "stability-flags": {
        "aura/filter": 20
    },
    "prefer-stable": false,
    "prefer-lowest": false,
    "platform": [],
    "platform-dev": []
}
